
Microsoft Visual Studio Solution File, Format Version 12.00
# Visual Studio 15
Project("{FAE04EC0-301F-11D3-BF4B-00C04F79EFBC}") = "Covid19", "Covid19\Covid19.csproj", "{446F601B-5829-49ED-8FD8-77BBF1C05996}"
EndProject
Global
	GlobalSection(SolutionConfigurationPlatforms) = preSolution
		Debug|anycpu = Debug|anycpu
		Release|anycpu = Release|anycpu
	EndGlobalSection
	GlobalSection(ProjectConfigurationPlatforms) = postSolution
		{446F601B-5829-49ED-8FD8-77BBF1C05996}.Debug|anycpu.ActiveCfg = Debug|anycpu
		{446F601B-5829-49ED-8FD8-77BBF1C05996}.Debug|anycpu.Build.0 = Debug|anycpu
		{446F601B-5829-49ED-8FD8-77BBF1C05996}.Release|anycpu.ActiveCfg = Release|anycpu
		{446F601B-5829-49ED-8FD8-77BBF1C05996}.Release|anycpu.Build.0 = Release|anycpu
	EndGlobalSection
EndGlobal
